
Microsoft Visual Studio Solution File, Format Version 12.00
# Visual Studio Version 17
VisualStudioVersion = 17.4.33213.308
MinimumVisualStudioVersion = 10.0.40219.1
Project("{FAE04EC0-301F-11D3-BF4B-00C04F79EFBC}") = "TicTacToe", "TicTacToe.csproj", "{33C6E259-461E-4709-944F-84E94FC9257C}"
EndProject
Global
	GlobalSection(SolutionConfigurationPlatforms) = preSolution
		Debug|Any CPU = Debug|Any CPU
		Release|Any CPU = Release|Any CPU
	EndGlobalSection
	GlobalSection(ProjectConfigurationPlatforms) = postSolution
		{33C6E259-461E-4709-944F-84E94FC9257C}.Debug|Any CPU.ActiveCfg = Debug|Any CPU
		{33C6E259-461E-4709-944F-84E94FC9257C}.Debug|Any CPU.Build.0 = Debug|Any CPU
		{33C6E259-461E-4709-944F-84E94FC9257C}.Release|Any CPU.ActiveCfg = Release|Any CPU
		{33C6E259-461E-4709-944F-84E94FC9257C}.Release|Any CPU.Build.0 = Release|Any CPU
	EndGlobalSection
	GlobalSection(SolutionProperties) = preSolution
		HideSolutionNode = FALSE
	EndGlobalSection
	GlobalSection(ExtensibilityGlobals) = postSolution
		SolutionGuid = {9710F3A7-D75B-4358-8283-5D8682E4CFA4}
	EndGlobalSection
EndGlobal
